// !$*UTF8*$!
{
	archiveVersion = 1;
	classes = {
	};
	objectVersion = 46;
	objects = {

/* Begin PBXBuildFile section */
		9A6E1260DE76FCAB60842E88 /* Pods_BrainTeaser.framework in Frameworks */ = {isa = PBXBuildFile; fileRef = 0BDF784D8F7227767A442175 /* Pods_BrainTeaser.framework */; };
		B00423ED1EE3238300843475 /* GameVC.swift in Sources */ = {isa = PBXBuildFile; fileRef = B00423EC1EE3238300843475 /* GameVC.swift */; };
		B00423EF1EE33E9900843475 /* Card.swift in Sources */ = {isa = PBXBuildFile; fileRef = B00423EE1EE33E9900843475 /* Card.swift */; };
		B00423F11EE33F4300843475 /* Card.xib in Resources */ = {isa = PBXBuildFile; fileRef = B00423F01EE33F4300843475 /* Card.xib */; };
		B0156FAC1EDF69220028519C /* CustomTextField.swift in Sources */ = {isa = PBXBuildFile; fileRef = B0156FAB1EDF69220028519C /* CustomTextField.swift */; };
		B0156FAE1EDF6E5B0028519C /* CustomButton.swift in Sources */ = {isa = PBXBuildFile; fileRef = B0156FAD1EDF6E5B0028519C /* CustomButton.swift */; };
		B0156FB11EDF8FAC0028519C /* AnimationEngine.swift in Sources */ = {isa = PBXBuildFile; fileRef = B0156FB01EDF8FAC0028519C /* AnimationEngine.swift */; };
		B08F67101EDF5411009F2C13 /* AppDelegate.swift in Sources */ = {isa = PBXBuildFile; fileRef = B08F670F1EDF5411009F2C13 /* AppDelegate.swift */; };
		B08F67121EDF5411009F2C13 /* LoginVC.swift in Sources */ = {isa = PBXBuildFile; fileRef = B08F67111EDF5411009F2C13 /* LoginVC.swift */; };
		B08F67151EDF5411009F2C13 /* Main.storyboard in Resources */ = {isa = PBXBuildFile; fileRef = B08F67131EDF5411009F2C13 /* Main.storyboard */; };
		B08F67171EDF5411009F2C13 /* Assets.xcassets in Resources */ = {isa = PBXBuildFile; fileRef = B08F67161EDF5411009F2C13 /* Assets.xcassets */; };
		B08F671A1EDF5411009F2C13 /* LaunchScreen.storyboard in Resources */ = {isa = PBXBuildFile; fileRef = B08F67181EDF5411009F2C13 /* LaunchScreen.storyboard */; };
		B08F67251EDF5411009F2C13 /* BrainTeaserTests.swift in Sources */ = {isa = PBXBuildFile; fileRef = B08F67241EDF5411009F2C13 /* BrainTeaserTests.swift */; };
		C3BBB2493B9E00A450B16C0B /* Pods_BrainTeaserTests.framework in Frameworks */ = {isa = PBXBuildFile; fileRef = 25862E36A8FD0639C99176CE /* Pods_BrainTeaserTests.framework */; };
/* End PBXBuildFile section */

/* Begin PBXContainerItemProxy section */
		B08F67211EDF5411009F2C13 /* PBXContainerItemProxy */ = {
			isa = PBXContainerItemProxy;
			containerPortal = B08F67041EDF5411009F2C13 /* Project object */;
			proxyType = 1;
			remoteGlobalIDString = B08F670B1EDF5411009F2C13;
			remoteInfo = BrainTeaser;
		};
/* End PBXContainerItemProxy section */

/* Begin PBXFileReference section */
		0BDF784D8F7227767A442175 /* Pods_BrainTeaser.framework */ = {isa = PBXFileReference; explicitFileType = wrapper.framework; includeInIndex = 0; path = Pods_BrainTeaser.framework; sourceTree = BUILT_PRODUCTS_DIR; };
		25862E36A8FD0639C99176CE /* Pods_BrainTeaserTests.framework */ = {isa = PBXFileReference; explicitFileType = wrapper.framework; includeInIndex = 0; path = Pods_BrainTeaserTests.framework; sourceTree = BUILT_PRODUCTS_DIR; };
		407A1E40D0495646EA886BAB /* Pods-BrainTeaser.release.xcconfig */ = {isa = PBXFileReference; includeInIndex = 1; lastKnownFileType = text.xcconfig; name = "Pods-BrainTeaser.release.xcconfig"; path = "Pods/Target Support Files/Pods-BrainTeaser/Pods-BrainTeaser.release.xcconfig"; sourceTree = "<group>"; };
		76BAB0B71C674B84937C63A6 /* Pods-BrainTeaserTests.debug.xcconfig */ = {isa = PBXFileReference; includeInIndex = 1; lastKnownFileType = text.xcconfig; name = "Pods-BrainTeaserTests.debug.xcconfig"; path = "Pods/Target Support Files/Pods-BrainTeaserTests/Pods-BrainTeaserTests.debug.xcconfig"; sourceTree = "<group>"; };
		8F19ACE6E7A09675C9558D68 /* Pods-BrainTeaserTests.release.xcconfig */ = {isa = PBXFileReference; includeInIndex = 1; lastKnownFileType = text.xcconfig; name = "Pods-BrainTeaserTests.release.xcconfig"; path = "Pods/Target Support Files/Pods-BrainTeaserTests/Pods-BrainTeaserTests.release.xcconfig"; sourceTree = "<group>"; };
		B00423EC1EE3238300843475 /* GameVC.swift */ = {isa = PBXFileReference; fileEncoding = 4; lastKnownFileType = sourcecode.swift; path = GameVC.swift; sourceTree = "<group>"; };
		B00423EE1EE33E9900843475 /* Card.swift */ = {isa = PBXFileReference; fileEncoding = 4; lastKnownFileType = sourcecode.swift; path = Card.swift; sourceTree = "<group>"; };
		B00423F01EE33F4300843475 /* Card.xib */ = {isa = PBXFileReference; fileEncoding = 4; lastKnownFileType = file.xib; path = Card.xib; sourceTree = "<group>"; };
		B0156FA71EDF57170028519C /* BrainTeaser-Bridging-Header.h */ = {isa = PBXFileReference; lastKnownFileType = sourcecode.c.h; path = "BrainTeaser-Bridging-Header.h"; sourceTree = "<group>"; };
		B0156FAB1EDF69220028519C /* CustomTextField.swift */ = {isa = PBXFileReference; fileEncoding = 4; lastKnownFileType = sourcecode.swift; path = CustomTextField.swift; sourceTree = "<group>"; };
		B0156FAD1EDF6E5B0028519C /* CustomButton.swift */ = {isa = PBXFileReference; fileEncoding = 4; lastKnownFileType = sourcecode.swift; path = CustomButton.swift; sourceTree = "<group>"; };
		B0156FB01EDF8FAC0028519C /* AnimationEngine.swift */ = {isa = PBXFileReference; fileEncoding = 4; lastKnownFileType = sourcecode.swift; path = AnimationEngine.swift; sourceTree = "<group>"; };
		B08F670C1EDF5411009F2C13 /* BrainTeaser.app */ = {isa = PBXFileReference; explicitFileType = wrapper.application; includeInIndex = 0; path = BrainTeaser.app; sourceTree = BUILT_PRODUCTS_DIR; };
		B08F670F1EDF5411009F2C13 /* AppDelegate.swift */ = {isa = PBXFileReference; lastKnownFileType = sourcecode.swift; path = AppDelegate.swift; sourceTree = "<group>"; };
		B08F67111EDF5411009F2C13 /* LoginVC.swift */ = {isa = PBXFileReference; lastKnownFileType = sourcecode.swift; path = LoginVC.swift; sourceTree = "<group>"; };
		B08F67141EDF5411009F2C13 /* Base */ = {isa = PBXFileReference; lastKnownFileType = file.storyboard; name = Base; path = Base.lproj/Main.storyboard; sourceTree = "<group>"; };
		B08F67161EDF5411009F2C13 /* Assets.xcassets */ = {isa = PBXFileReference; lastKnownFileType = folder.assetcatalog; path = Assets.xcassets; sourceTree = "<group>"; };
		B08F67191EDF5411009F2C13 /* Base */ = {isa = PBXFileReference; lastKnownFileType = file.storyboard; name = Base; path = Base.lproj/LaunchScreen.storyboard; sourceTree = "<group>"; };
		B08F671B1EDF5411009F2C13 /* Info.plist */ = {isa = PBXFileReference; lastKnownFileType = text.plist.xml; path = Info.plist; sourceTree = "<group>"; };
		B08F67201EDF5411009F2C13 /* BrainTeaserTests.xctest */ = {isa = PBXFileReference; explicitFileType = wrapper.cfbundle; includeInIndex = 0; path = BrainTeaserTests.xctest; sourceTree = BUILT_PRODUCTS_DIR; };
		B08F67241EDF5411009F2C13 /* BrainTeaserTests.swift */ = {isa = PBXFileReference; lastKnownFileType = sourcecode.swift; path = BrainTeaserTests.swift; sourceTree = "<group>"; };
		B08F67261EDF5411009F2C13 /* Info.plist */ = {isa = PBXFileReference; lastKnownFileType = text.plist.xml; path = Info.plist; sourceTree = "<group>"; };
		C607283A69E0B785354D253C /* Pods-BrainTeaser.debug.xcconfig */ = {isa = PBXFileReference; includeInIndex = 1; lastKnownFileType = text.xcconfig; name = "Pods-BrainTeaser.debug.xcconfig"; path = "Pods/Target Support Files/Pods-BrainTeaser/Pods-BrainTeaser.debug.xcconfig"; sourceTree = "<group>"; };
/* End PBXFileReference section */

/* Begin PBXFrameworksBuildPhase section */
		B08F67091EDF5411009F2C13 /* Frameworks */ = {
			isa = PBXFrameworksBuildPhase;
			buildActionMask = 2147483647;
			files = (
				9A6E1260DE76FCAB60842E88 /* Pods_BrainTeaser.framework in Frameworks */,
			);
			runOnlyForDeploymentPostprocessing = 0;
		};
		B08F671D1EDF5411009F2C13 /* Frameworks */ = {
			isa = PBXFrameworksBuildPhase;
			buildActionMask = 2147483647;
			files = (
				C3BBB2493B9E00A450B16C0B /* Pods_BrainTeaserTests.framework in Frameworks */,
			);
			runOnlyForDeploymentPostprocessing = 0;
		};
/* End PBXFrameworksBuildPhase section */

/* Begin PBXGroup section */
		B0156FA91EDF68F60028519C /* Controller */ = {
			isa = PBXGroup;
			children = (
				B08F67111EDF5411009F2C13 /* LoginVC.swift */,
				B00423EC1EE3238300843475 /* GameVC.swift */,
			);
			name = Controller;
			sourceTree = "<group>";
		};
		B0156FAA1EDF68FE0028519C /* View */ = {
			isa = PBXGroup;
			children = (
				B08F67181EDF5411009F2C13 /* LaunchScreen.storyboard */,
				B08F67131EDF5411009F2C13 /* Main.storyboard */,
				B0156FAB1EDF69220028519C /* CustomTextField.swift */,
				B0156FAD1EDF6E5B0028519C /* CustomButton.swift */,
				B00423EE1EE33E9900843475 /* Card.swift */,
				B00423F01EE33F4300843475 /* Card.xib */,
			);
			name = View;
			sourceTree = "<group>";
		};
		B0156FAF1EDF8F940028519C /* Utilities */ = {
			isa = PBXGroup;
			children = (
				B0156FB01EDF8FAC0028519C /* AnimationEngine.swift */,
			);
			name = Utilities;
			sourceTree = "<group>";
		};
		B08F67031EDF5411009F2C13 = {
			isa = PBXGroup;
			children = (
				B08F670E1EDF5411009F2C13 /* BrainTeaser */,
				B08F67231EDF5411009F2C13 /* BrainTeaserTests */,
				B08F670D1EDF5411009F2C13 /* Products */,
				FC9FC7C8BBC17F1E2A925F36 /* Pods */,
				E43A10F09ED1B31A50FD9CE4 /* Frameworks */,
			);
			sourceTree = "<group>";
		};
		B08F670D1EDF5411009F2C13 /* Products */ = {
			isa = PBXGroup;
			children = (
				B08F670C1EDF5411009F2C13 /* BrainTeaser.app */,
				B08F67201EDF5411009F2C13 /* BrainTeaserTests.xctest */,
			);
			name = Products;
			sourceTree = "<group>";
		};
		B08F670E1EDF5411009F2C13 /* BrainTeaser */ = {
			isa = PBXGroup;
			children = (
				B0156FAF1EDF8F940028519C /* Utilities */,
				B0156FAA1EDF68FE0028519C /* View */,
				B0156FA91EDF68F60028519C /* Controller */,
				B08F670F1EDF5411009F2C13 /* AppDelegate.swift */,
				B08F67161EDF5411009F2C13 /* Assets.xcassets */,
				B08F671B1EDF5411009F2C13 /* Info.plist */,
				B0156FA71EDF57170028519C /* BrainTeaser-Bridging-Header.h */,
			);
			path = BrainTeaser;
			sourceTree = "<group>";
		};
		B08F67231EDF5411009F2C13 /* BrainTeaserTests */ = {
			isa = PBXGroup;
			children = (
				B08F67241EDF5411009F2C13 /* BrainTeaserTests.swift */,
				B08F67261EDF5411009F2C13 /* Info.plist */,
			);
			path = BrainTeaserTests;
			sourceTree = "<group>";
		};
		E43A10F09ED1B31A50FD9CE4 /* Frameworks */ = {
			isa = PBXGroup;
			children = (
				0BDF784D8F7227767A442175 /* Pods_BrainTeaser.framework */,
				25862E36A8FD0639C99176CE /* Pods_BrainTeaserTests.framework */,
			);
			name = Frameworks;
			sourceTree = "<group>";
		};
		FC9FC7C8BBC17F1E2A925F36 /* Pods */ = {
			isa = PBXGroup;
			children = (
				C607283A69E0B785354D253C /* Pods-BrainTeaser.debug.xcconfig */,
				407A1E40D0495646EA886BAB /* Pods-BrainTeaser.release.xcconfig */,
				76BAB0B71C674B84937C63A6 /* Pods-BrainTeaserTests.debug.xcconfig */,
				8F19ACE6E7A09675C9558D68 /* Pods-BrainTeaserTests.release.xcconfig */,
			);
			name = Pods;
			sourceTree = "<group>";
		};
/* End PBXGroup section */

/* Begin PBXNativeTarget section */
		B08F670B1EDF5411009F2C13 /* BrainTeaser */ = {
			isa = PBXNativeTarget;
			buildConfigurationList = B08F67291EDF5411009F2C13 /* Build configuration list for PBXNativeTarget "BrainTeaser" */;
			buildPhases = (
				C8EFE8038FD7E7DD04C6709D /* [CP] Check Pods Manifest.lock */,
				B08F67081EDF5411009F2C13 /* Sources */,
				B08F67091EDF5411009F2C13 /* Frameworks */,
				B08F670A1EDF5411009F2C13 /* Resources */,
				38960A6BCD3B7A57D47D9DB5 /* [CP] Embed Pods Frameworks */,
				B179408198A0A7957D122ABC /* [CP] Copy Pods Resources */,
			);
			buildRules = (
			);
			dependencies = (
			);
			name = BrainTeaser;
			productName = BrainTeaser;
			productReference = B08F670C1EDF5411009F2C13 /* BrainTeaser.app */;
			productType = "com.apple.product-type.application";
		};
		B08F671F1EDF5411009F2C13 /* BrainTeaserTests */ = {
			isa = PBXNativeTarget;
			buildConfigurationList = B08F672C1EDF5411009F2C13 /* Build configuration list for PBXNativeTarget "BrainTeaserTests" */;
			buildPhases = (
				75D3DA46F6BBAED900D83ADF /* [CP] Check Pods Manifest.lock */,
				B08F671C1EDF5411009F2C13 /* Sources */,
				B08F671D1EDF5411009F2C13 /* Frameworks */,
				B08F671E1EDF5411009F2C13 /* Resources */,
				2EC3D23C4F8D1310C84E7EB3 /* [CP] Embed Pods Frameworks */,
				BB3DC2C8332656311B13B992 /* [CP] Copy Pods Resources */,
			);
			buildRules = (
			);
			dependencies = (
				B08F67221EDF5411009F2C13 /* PBXTargetDependency */,
			);
			name = BrainTeaserTests;
			productName = BrainTeaserTests;
			productReference = B08F67201EDF5411009F2C13 /* BrainTeaserTests.xctest */;
			productType = "com.apple.product-type.bundle.unit-test";
		};
/* End PBXNativeTarget section */

/* Begin PBXProject section */
		B08F67041EDF5411009F2C13 /* Project object */ = {
			isa = PBXProject;
			attributes = {
				LastSwiftUpdateCheck = 0820;
				LastUpgradeCheck = 0820;
				ORGANIZATIONNAME = "Tim Beals";
				TargetAttributes = {
					B08F670B1EDF5411009F2C13 = {
						CreatedOnToolsVersion = 8.2.1;
						DevelopmentTeam = 2733C6P24Y;
						LastSwiftMigration = 0820;
						ProvisioningStyle = Automatic;
					};
					B08F671F1EDF5411009F2C13 = {
						CreatedOnToolsVersion = 8.2.1;
						DevelopmentTeam = 2733C6P24Y;
						ProvisioningStyle = Automatic;
						TestTargetID = B08F670B1EDF5411009F2C13;
					};
				};
			};
			buildConfigurationList = B08F67071EDF5411009F2C13 /* Build configuration list for PBXProject "BrainTeaser" */;
			compatibilityVersion = "Xcode 3.2";
			developmentRegion = English;
			hasScannedForEncodings = 0;
			knownRegions = (
				en,
				Base,
			);
			mainGroup = B08F67031EDF5411009F2C13;
			productRefGroup = B08F670D1EDF5411009F2C13 /* Products */;
			projectDirPath = "";
			projectRoot = "";
			targets = (
				B08F670B1EDF5411009F2C13 /* BrainTeaser */,
				B08F671F1EDF5411009F2C13 /* BrainTeaserTests */,
			);
		};
/* End PBXProject section */

/* Begin PBXResourcesBuildPhase section */
		B08F670A1EDF5411009F2C13 /* Resources */ = {
			isa = PBXResourcesBuildPhase;
			buildActionMask = 2147483647;
			files = (
				B08F671A1EDF5411009F2C13 /* LaunchScreen.storyboard in Resources */,
				B08F67171EDF5411009F2C13 /* Assets.xcassets in Resources */,
				B08F67151EDF5411009F2C13 /* Main.storyboard in Resources */,
				B00423F11EE33F4300843475 /* Card.xib in Resources */,
			);
			runOnlyForDeploymentPostprocessing = 0;
		};
		B08F671E1EDF5411009F2C13 /* Resources */ = {
			isa = PBXResourcesBuildPhase;
			buildActionMask = 2147483647;
			files = (
			);
			runOnlyForDeploymentPostprocessing = 0;
		};
/* End PBXResourcesBuildPhase section */

/* Begin PBXShellScriptBuildPhase section */
		2EC3D23C4F8D1310C84E7EB3 /* [CP] Embed Pods Frameworks */ = {
			isa = PBXShellScriptBuildPhase;
			buildActionMask = 2147483647;
			files = (
			);
			inputPaths = (
			);
			name = "[CP] Embed Pods Frameworks";
			outputPaths = (
			);
			runOnlyForDeploymentPostprocessing = 0;
			shellPath = /bin/sh;
			shellScript = "\"${SRCROOT}/Pods/Target Support Files/Pods-BrainTeaserTests/Pods-BrainTeaserTests-frameworks.sh\"\n";
			showEnvVarsInLog = 0;
		};
		38960A6BCD3B7A57D47D9DB5 /* [CP] Embed Pods Frameworks */ = {
			isa = PBXShellScriptBuildPhase;
			buildActionMask = 2147483647;
			files = (
			);
			inputPaths = (
			);
			name = "[CP] Embed Pods Frameworks";
			outputPaths = (
			);
			runOnlyForDeploymentPostprocessing = 0;
			shellPath = /bin/sh;
			shellScript = "\"${SRCROOT}/Pods/Target Support Files/Pods-BrainTeaser/Pods-BrainTeaser-frameworks.sh\"\n";
			showEnvVarsInLog = 0;
		};
		75D3DA46F6BBAED900D83ADF /* [CP] Check Pods Manifest.lock */ = {
			isa = PBXShellScriptBuildPhase;
			buildActionMask = 2147483647;
			files = (
			);
			inputPaths = (
			);
			name = "[CP] Check Pods Manifest.lock";
			outputPaths = (
			);
			runOnlyForDeploymentPostprocessing = 0;
			shellPath = /bin/sh;
			shellScript = "diff \"${PODS_ROOT}/../Podfile.lock\" \"${PODS_ROOT}/Manifest.lock\" > /dev/null\nif [ $? != 0 ] ; then\n    # print error to STDERR\n    echo \"error: The sandbox is not in sync with the Podfile.lock. Run 'pod install' or update your CocoaPods installation.\" >&2\n    exit 1\nfi\n";
			showEnvVarsInLog = 0;
		};
		B179408198A0A7957D122ABC /* [CP] Copy Pods Resources */ = {
			isa = PBXShellScriptBuildPhase;
			buildActionMask = 2147483647;
			files = (
			);
			inputPaths = (
			);
			name = "[CP] Copy Pods Resources";
			outputPaths = (
			);
			runOnlyForDeploymentPostprocessing = 0;
			shellPath = /bin/sh;
			shellScript = "\"${SRCROOT}/Pods/Target Support Files/Pods-BrainTeaser/Pods-BrainTeaser-resources.sh\"\n";
			showEnvVarsInLog = 0;
		};
		BB3DC2C8332656311B13B992 /* [CP] Copy Pods Resources */ = {
			isa = PBXShellScriptBuildPhase;
			buildActionMask = 2147483647;
			files = (
			);
			inputPaths = (
			);
			name = "[CP] Copy Pods Resources";
			outputPaths = (
			);
			runOnlyForDeploymentPostprocessing = 0;
			shellPath = /bin/sh;
			shellScript = "\"${SRCROOT}/Pods/Target Support Files/Pods-BrainTeaserTests/Pods-BrainTeaserTests-resources.sh\"\n";
			showEnvVarsInLog = 0;
		};
		C8EFE8038FD7E7DD04C6709D /* [CP] Check Pods Manifest.lock */ = {
			isa = PBXShellScriptBuildPhase;
			buildActionMask = 2147483647;
			files = (
			);
			inputPaths = (
			);
			name = "[CP] Check Pods Manifest.lock";
			outputPaths = (
			);
			runOnlyForDeploymentPostprocessing = 0;
			shellPath = /bin/sh;
			shellScript = "diff \"${PODS_ROOT}/../Podfile.lock\" \"${PODS_ROOT}/Manifest.lock\" > /dev/null\nif [ $? != 0 ] ; then\n    # print error to STDERR\n    echo \"error: The sandbox is not in sync with the Podfile.lock. Run 'pod install' or update your CocoaPods installation.\" >&2\n    exit 1\nfi\n";
			showEnvVarsInLog = 0;
		};
/* End PBXShellScriptBuildPhase section */

/* Begin PBXSourcesBuildPhase section */
		B08F67081EDF5411009F2C13 /* Sources */ = {
			isa = PBXSourcesBuildPhase;
			buildActionMask = 2147483647;
			files = (
				B0156FAE1EDF6E5B0028519C /* CustomButton.swift in Sources */,
				B08F67121EDF5411009F2C13 /* LoginVC.swift in Sources */,
				B00423EF1EE33E9900843475 /* Card.swift in Sources */,
				B08F67101EDF5411009F2C13 /* AppDelegate.swift in Sources */,
				B0156FB11EDF8FAC0028519C /* AnimationEngine.swift in Sources */,
				B00423ED1EE3238300843475 /* GameVC.swift in Sources */,
				B0156FAC1EDF69220028519C /* CustomTextField.swift in Sources */,
			);
			runOnlyForDeploymentPostprocessing = 0;
		};
		B08F671C1EDF5411009F2C13 /* Sources */ = {
			isa = PBXSourcesBuildPhase;
			buildActionMask = 2147483647;
			files = (
				B08F67251EDF5411009F2C13 /* BrainTeaserTests.swift in Sources */,
			);
			runOnlyForDeploymentPostprocessing = 0;
		};
/* End PBXSourcesBuildPhase section */

/* Begin PBXTargetDependency section */
		B08F67221EDF5411009F2C13 /* PBXTargetDependency */ = {
			isa = PBXTargetDependency;
			target = B08F670B1EDF5411009F2C13 /* BrainTeaser */;
			targetProxy = B08F67211EDF5411009F2C13 /* PBXContainerItemProxy */;
		};
/* End PBXTargetDependency section */

/* Begin PBXVariantGroup section */
		B08F67131EDF5411009F2C13 /* Main.storyboard */ = {
			isa = PBXVariantGroup;
			children = (
				B08F67141EDF5411009F2C13 /* Base */,
			);
			name = Main.storyboard;
			sourceTree = "<group>";
		};
		B08F67181EDF5411009F2C13 /* LaunchScreen.storyboard */ = {
			isa = PBXVariantGroup;
			children = (
				B08F67191EDF5411009F2C13 /* Base */,
			);
			name = LaunchScreen.storyboard;
			sourceTree = "<group>";
		};
/* End PBXVariantGroup section */

/* Begin XCBuildConfiguration section */
		B08F67271EDF5411009F2C13 /* Debug */ = {
			isa = XCBuildConfiguration;
			buildSettings = {
				ALWAYS_SEARCH_USER_PATHS = NO;
				CLANG_ANALYZER_NONNULL = YES;
				CLANG_CXX_LANGUAGE_STANDARD = "gnu++0x";
				CLANG_CXX_LIBRARY = "libc++";
				CLANG_ENABLE_MODULES = YES;
				CLANG_ENABLE_OBJC_ARC = YES;
				CLANG_WARN_BOOL_CONVERSION = YES;
				CLANG_WARN_CONSTANT_CONVERSION = YES;
				CLANG_WARN_DIRECT_OBJC_ISA_USAGE = YES_ERROR;
				CLANG_WARN_DOCUMENTATION_COMMENTS = YES;
				CLANG_WARN_EMPTY_BODY = YES;
				CLANG_WARN_ENUM_CONVERSION = YES;
				CLANG_WARN_INFINITE_RECURSION = YES;
				CLANG_WARN_INT_CONVERSION = YES;
				CLANG_WARN_OBJC_ROOT_CLASS = YES_ERROR;
				CLANG_WARN_SUSPICIOUS_MOVE = YES;
				CLANG_WARN_UNREACHABLE_CODE = YES;
				CLANG_WARN__DUPLICATE_METHOD_MATCH = YES;
				"CODE_SIGN_IDENTITY[sdk=iphoneos*]" = "iPhone Developer";
				COPY_PHASE_STRIP = NO;
				DEBUG_INFORMATION_FORMAT = dwarf;
				ENABLE_STRICT_OBJC_MSGSEND = YES;
				ENABLE_TESTABILITY = YES;
				GCC_C_LANGUAGE_STANDARD = gnu99;
				GCC_DYNAMIC_NO_PIC = NO;
				GCC_NO_COMMON_BLOCKS = YES;
				GCC_OPTIMIZATION_LEVEL = 0;
				GCC_PREPROCESSOR_DEFINITIONS = (
					"DEBUG=1",
					"$(inherited)",
				);
				GCC_WARN_64_TO_32_BIT_CONVERSION = YES;
				GCC_WARN_ABOUT_RETURN_TYPE = YES_ERROR;
				GCC_WARN_UNDECLARED_SELECTOR = YES;
				GCC_WARN_UNINITIALIZED_AUTOS = YES_AGGRESSIVE;
				GCC_WARN_UNUSED_FUNCTION = YES;
				GCC_WARN_UNUSED_VARIABLE = YES;
				IPHONEOS_DEPLOYMENT_TARGET = 10.2;
				MTL_ENABLE_DEBUG_INFO = YES;
				ONLY_ACTIVE_ARCH = YES;
				SDKROOT = iphoneos;
				SWIFT_ACTIVE_COMPILATION_CONDITIONS = DEBUG;
				SWIFT_OPTIMIZATION_LEVEL = "-Onone";
				TARGETED_DEVICE_FAMILY = "1,2";
			};
			name = Debug;
		};
		B08F67281EDF5411009F2C13 /* Release */ = {
			isa = XCBuildConfiguration;
			buildSettings = {
				ALWAYS_SEARCH_USER_PATHS = NO;
				CLANG_ANALYZER_NONNULL = YES;
				CLANG_CXX_LANGUAGE_STANDARD = "gnu++0x";
				CLANG_CXX_LIBRARY = "libc++";
				CLANG_ENABLE_MODULES = YES;
				CLANG_ENABLE_OBJC_ARC = YES;
				CLANG_WARN_BOOL_CONVERSION = YES;
				CLANG_WARN_CONSTANT_CONVERSION = YES;
				CLANG_WARN_DIRECT_OBJC_ISA_USAGE = YES_ERROR;
				CLANG_WARN_DOCUMENTATION_COMMENTS = YES;
				CLANG_WARN_EMPTY_BODY = YES;
				CLANG_WARN_ENUM_CONVERSION = YES;
				CLANG_WARN_INFINITE_RECURSION = YES;
				CLANG_WARN_INT_CONVERSION = YES;
				CLANG_WARN_OBJC_ROOT_CLASS = YES_ERROR;
				CLANG_WARN_SUSPICIOUS_MOVE = YES;
				CLANG_WARN_UNREACHABLE_CODE = YES;
				CLANG_WARN__DUPLICATE_METHOD_MATCH = YES;
				"CODE_SIGN_IDENTITY[sdk=iphoneos*]" = "iPhone Developer";
				COPY_PHASE_STRIP = NO;
				DEBUG_INFORMATION_FORMAT = "dwarf-with-dsym";
				ENABLE_NS_ASSERTIONS = NO;
				ENABLE_STRICT_OBJC_MSGSEND = YES;
				GCC_C_LANGUAGE_STANDARD = gnu99;
				GCC_NO_COMMON_BLOCKS = YES;
				GCC_WARN_64_TO_32_BIT_CONVERSION = YES;
				GCC_WARN_ABOUT_RETURN_TYPE = YES_ERROR;
				GCC_WARN_UNDECLARED_SELECTOR = YES;
				GCC_WARN_UNINITIALIZED_AUTOS = YES_AGGRESSIVE;
				GCC_WARN_UNUSED_FUNCTION = YES;
				GCC_WARN_UNUSED_VARIABLE = YES;
				IPHONEOS_DEPLOYMENT_TARGET = 10.2;
				MTL_ENABLE_DEBUG_INFO = NO;
				SDKROOT = iphoneos;
				SWIFT_OPTIMIZATION_LEVEL = "-Owholemodule";
				TARGETED_DEVICE_FAMILY = "1,2";
				VALIDATE_PRODUCT = YES;
			};
			name = Release;
		};
		B08F672A1EDF5411009F2C13 /* Debug */ = {
			isa = XCBuildConfiguration;
			baseConfigurationReference = C607283A69E0B785354D253C /* Pods-BrainTeaser.debug.xcconfig */;
			buildSettings = {
				ASSETCATALOG_COMPILER_APPICON_NAME = AppIcon;
				CLANG_ENABLE_MODULES = YES;
				DEVELOPMENT_TEAM = 2733C6P24Y;
				INFOPLIST_FILE = BrainTeaser/Info.plist;
				LD_RUNPATH_SEARCH_PATHS = "$(inherited) @executable_path/Frameworks";
				PRODUCT_BUNDLE_IDENTIFIER = com.timbeals.BrainTeaser;
				PRODUCT_NAME = "$(TARGET_NAME)";
				SWIFT_OBJC_BRIDGING_HEADER = "BrainTeaser/BrainTeaser-Bridging-Header.h";
				SWIFT_OPTIMIZATION_LEVEL = "-Onone";
				SWIFT_VERSION = 3.0;
			};
			name = Debug;
		};
		B08F672B1EDF5411009F2C13 /* Release */ = {
			isa = XCBuildConfiguration;
			baseConfigurationReference = 407A1E40D0495646EA886BAB /* Pods-BrainTeaser.release.xcconfig */;
			buildSettings = {
				ASSETCATALOG_COMPILER_APPICON_NAME = AppIcon;
				CLANG_ENABLE_MODULES = YES;
				DEVELOPMENT_TEAM = 2733C6P24Y;
				INFOPLIST_FILE = BrainTeaser/Info.plist;
				LD_RUNPATH_SEARCH_PATHS = "$(inherited) @executable_path/Frameworks";
				PRODUCT_BUNDLE_IDENTIFIER = com.timbeals.BrainTeaser;
				PRODUCT_NAME = "$(TARGET_NAME)";
				SWIFT_OBJC_BRIDGING_HEADER = "BrainTeaser/BrainTeaser-Bridging-Header.h";
				SWIFT_VERSION = 3.0;
			};
			name = Release;
		};
		B08F672D1EDF5411009F2C13 /* Debug */ = {
			isa = XCBuildConfiguration;
			baseConfigurationReference = 76BAB0B71C674B84937C63A6 /* Pods-BrainTeaserTests.debug.xcconfig */;
			buildSettings = {
				ALWAYS_EMBED_SWIFT_STANDARD_LIBRARIES = YES;
				BUNDLE_LOADER = "$(TEST_HOST)";
				DEVELOPMENT_TEAM = 2733C6P24Y;
				INFOPLIST_FILE = BrainTeaserTests/Info.plist;
				LD_RUNPATH_SEARCH_PATHS = "$(inherited) @executable_path/Frameworks @loader_path/Frameworks";
				PRODUCT_BUNDLE_IDENTIFIER = com.timbeals.BrainTeaserTests;
				PRODUCT_NAME = "$(TARGET_NAME)";
				SWIFT_VERSION = 3.0;
				TEST_HOST = "$(BUILT_PRODUCTS_DIR)/BrainTeaser.app/BrainTeaser";
			};
			name = Debug;
		};
		B08F672E1EDF5411009F2C13 /* Release */ = {
			isa = XCBuildConfiguration;
			baseConfigurationReference = 8F19ACE6E7A09675C9558D68 /* Pods-BrainTeaserTests.release.xcconfig */;
			buildSettings = {
				ALWAYS_EMBED_SWIFT_STANDARD_LIBRARIES = YES;
				BUNDLE_LOADER = "$(TEST_HOST)";
				DEVELOPMENT_TEAM = 2733C6P24Y;
				INFOPLIST_FILE = BrainTeaserTests/Info.plist;
				LD_RUNPATH_SEARCH_PATHS = "$(inherited) @executable_path/Frameworks @loader_path/Frameworks";
				PRODUCT_BUNDLE_IDENTIFIER = com.timbeals.BrainTeaserTests;
				PRODUCT_NAME = "$(TARGET_NAME)";
				SWIFT_VERSION = 3.0;
				TEST_HOST = "$(BUILT_PRODUCTS_DIR)/BrainTeaser.app/BrainTeaser";
			};
			name = Release;
		};
/* End XCBuildConfiguration section */

/* Begin XCConfigurationList section */
		B08F67071EDF5411009F2C13 /* Build configuration list for PBXProject "BrainTeaser" */ = {
			isa = XCConfigurationList;
			buildConfigurations = (
				B08F67271EDF5411009F2C13 /* Debug */,
				B08F67281EDF5411009F2C13 /* Release */,
			);
			defaultConfigurationIsVisible = 0;
			defaultConfigurationName = Release;
		};
		B08F67291EDF5411009F2C13 /* Build configuration list for PBXNativeTarget "BrainTeaser" */ = {
			isa = XCConfigurationList;
			buildConfigurations = (
				B08F672A1EDF5411009F2C13 /* Debug */,
				B08F672B1EDF5411009F2C13 /* Release */,
			);
			defaultConfigurationIsVisible = 0;
			defaultConfigurationName = Release;
		};
		B08F672C1EDF5411009F2C13 /* Build configuration list for PBXNativeTarget "BrainTeaserTests" */ = {
			isa = XCConfigurationList;
			buildConfigurations = (
				B08F672D1EDF5411009F2C13 /* Debug */,
				B08F672E1EDF5411009F2C13 /* Release */,
			);
			defaultConfigurationIsVisible = 0;
			defaultConfigurationName = Release;
		};
/* End XCConfigurationList section */
	};
	rootObject = B08F67041EDF5411009F2C13 /* Project object */;
}
